<?xml version="1.0" encoding="utf-8"?>
<Project ToolsVersion="4.0" xmlns="http://schemas.microsoft.com/developer/msbuild/2003">
  <ItemGroup>
    <Filter Include="리소스 파일">
      <UniqueIdentifier>{67DA6AB6-F800-4c08-8B7A-83BB121AAD01}</UniqueIdentifier>
      <Extensions>rc;ico;cur;bmp;dlg;rc2;rct;bin;rgs;gif;jpg;jpeg;jpe;resx;tiff;tif;png;wav;mfcribbon-ms</Extensions>
    </Filter>
    <Filter Include="2D Framework">
      <UniqueIdentifier>{8b0c4e35-7e2f-4a74-83bb-e0db2d424e97}</UniqueIdentifier>
    </Filter>
    <Filter Include="2D Framework\Manager">
      <UniqueIdentifier>{73a7dbf2-cbe7-40e3-86b0-8e06a49626a9}</UniqueIdentifier>
    </Filter>
    <Filter Include="MainGame">
      <UniqueIdentifier>{76040367-e9ec-435c-8de8-182b0e7703ca}</UniqueIdentifier>
    </Filter>
    <Filter Include="2D Framework\Timer">
      <UniqueIdentifier>{d7001b95-e035-4255-abd7-0416253c7f80}</UniqueIdentifier>
    </Filter>
    <Filter Include="MainGame\Scene">
      <UniqueIdentifier>{706cb441-4046-4339-a016-95a5dfe9d76c}</UniqueIdentifier>
    </Filter>
    <Filter Include="2D Framework\GameObejct">
      <UniqueIdentifier>{ea3499d7-4897-49d2-8bb9-0c456ffa51aa}</UniqueIdentifier>
    </Filter>
    <Filter Include="2D Framework\GameObejct\UI">
      <UniqueIdentifier>{29475def-fce7-4032-bc45-915d3b8d6c3e}</UniqueIdentifier>
    </Filter>
    <Filter Include="2D Framework\GameObejct\Button">
      <UniqueIdentifier>{930f6dc6-4f66-4eff-8585-d254f184e8a4}</UniqueIdentifier>
    </Filter>
    <Filter Include="2D Framework\GameObejct\TileObj">
      <UniqueIdentifier>{179f8ab3-ee4f-4830-bef7-ee838a2a2dca}</UniqueIdentifier>
    </Filter>
    <Filter Include="Main">
      <UniqueIdentifier>{996a7333-8ebe-44ef-b634-16531a9347f0}</UniqueIdentifier>
    </Filter>
    <Filter Include="2D Framework\Component">
      <UniqueIdentifier>{bede1039-30ce-4398-a3ec-86048d151d58}</UniqueIdentifier>
    </Filter>
    <Filter Include="2D Framework\Component\Player">
      <UniqueIdentifier>{72728eff-c27e-4f5e-9bc9-4745b9cff2fb}</UniqueIdentifier>
    </Filter>
  </ItemGroup>
  <ItemGroup>
    <ClCompile Include="GameEntity.cpp">
      <Filter>2D Framework</Filter>
    </ClCompile>
    <ClCompile Include="GameObject.cpp">
      <Filter>2D Framework</Filter>
    </ClCompile>
    <ClCompile Include="KeyManager.cpp">
      <Filter>2D Framework\Manager</Filter>
    </ClCompile>
    <ClCompile Include="SceneManager.cpp">
      <Filter>2D Framework\Manager</Filter>
    </ClCompile>
    <ClCompile Include="Image.cpp">
      <Filter>2D Framework</Filter>
    </ClCompile>
    <ClCompile Include="ImageManager.cpp">
      <Filter>2D Framework\Manager</Filter>
    </ClCompile>
    <ClCompile Include="Timer.cpp">
      <Filter>2D Framework\Timer</Filter>
    </ClCompile>
    <ClCompile Include="TilemapToolScene.cpp">
      <Filter>MainGame\Scene</Filter>
    </ClCompile>
    <ClCompile Include="TitleScene.cpp">
      <Filter>MainGame\Scene</Filter>
    </ClCompile>
    <ClCompile Include="MainGame.cpp">
      <Filter>MainGame</Filter>
    </ClCompile>
    <ClCompile Include="Button.cpp">
      <Filter>2D Framework\GameObejct\Button</Filter>
    </ClCompile>
    <ClCompile Include="TalkManager.cpp">
      <Filter>2D Framework\Manager</Filter>
    </ClCompile>
    <ClCompile Include="PhysicsManager.cpp">
      <Filter>2D Framework\Manager</Filter>
    </ClCompile>
    <ClCompile Include="MapScene.cpp">
      <Filter>MainGame\Scene</Filter>
    </ClCompile>
    <ClCompile Include="GameManager.cpp">
      <Filter>2D Framework\Manager</Filter>
    </ClCompile>
    <ClCompile Include="ChatInterface.cpp">
      <Filter>2D Framework\GameObejct\UI</Filter>
    </ClCompile>
    <ClCompile Include="UserInfoInterface.cpp">
      <Filter>2D Framework\GameObejct\UI</Filter>
    </ClCompile>
    <ClCompile Include="UIManager.cpp">
      <Filter>2D Framework\GameObejct\UI</Filter>
    </ClCompile>
    <ClCompile Include="InventoryInterface.cpp">
      <Filter>2D Framework\GameObejct\UI</Filter>
    </ClCompile>
    <ClCompile Include="SaveLoadInterface.cpp">
      <Filter>2D Framework\GameObejct\UI</Filter>
    </ClCompile>
    <ClCompile Include="Layer.cpp">
      <Filter>2D Framework\GameObejct\TileObj</Filter>
    </ClCompile>
    <ClCompile Include="ParallaxObj.cpp">
      <Filter>2D Framework\GameObejct\TileObj</Filter>
    </ClCompile>
    <ClCompile Include="PlayerObj.cpp">
      <Filter>2D Framework\GameObejct\TileObj</Filter>
    </ClCompile>
    <ClCompile Include="TileObj.cpp">
      <Filter>2D Framework\GameObejct\TileObj</Filter>
    </ClCompile>
    <ClCompile Include="TriggerObj.cpp">
      <Filter>2D Framework\GameObejct\TileObj</Filter>
    </ClCompile>
    <ClCompile Include="main.cpp">
      <Filter>Main</Filter>
    </ClCompile>
    <ClCompile Include="Input.cpp">
      <Filter>Main</Filter>
    </ClCompile>
    <ClCompile Include="QuestData.cpp">
      <Filter>Main</Filter>
    </ClCompile>
    <ClCompile Include="Component.cpp">
      <Filter>2D Framework\Component</Filter>
    </ClCompile>
    <ClCompile Include="PlayerMoveComponent.cpp">
      <Filter>2D Framework\Component\Player</Filter>
    </ClCompile>
  </ItemGroup>
  <ItemGroup>
    <ClInclude Include="GameEntity.h">
      <Filter>2D Framework</Filter>
    </ClInclude>
    <ClInclude Include="GameObject.h">
      <Filter>2D Framework</Filter>
    </ClInclude>
    <ClInclude Include="KeyManager.h">
      <Filter>2D Framework\Manager</Filter>
    </ClInclude>
    <ClInclude Include="SceneManager.h">
      <Filter>2D Framework\Manager</Filter>
    </ClInclude>
    <ClInclude Include="Singleton.h">
      <Filter>2D Framework\Manager</Filter>
    </ClInclude>
    <ClInclude Include="MainGame.h">
      <Filter>MainGame</Filter>
    </ClInclude>
    <ClInclude Include="Image.h">
      <Filter>2D Framework</Filter>
    </ClInclude>
    <ClInclude Include="ImageManager.h">
      <Filter>2D Framework\Manager</Filter>
    </ClInclude>
    <ClInclude Include="Timer.h">
      <Filter>2D Framework\Timer</Filter>
    </ClInclude>
    <ClInclude Include="TilemapToolScene.h">
      <Filter>MainGame\Scene</Filter>
    </ClInclude>
    <ClInclude Include="TitleScene.h">
      <Filter>MainGame\Scene</Filter>
    </ClInclude>
    <ClInclude Include="Button.h">
      <Filter>2D Framework\GameObejct\Button</Filter>
    </ClInclude>
    <ClInclude Include="TalkManager.h">
      <Filter>2D Framework\Manager</Filter>
    </ClInclude>
    <ClInclude Include="PhysicsManager.h">
      <Filter>2D Framework\Manager</Filter>
    </ClInclude>
    <ClInclude Include="MapScene.h">
      <Filter>MainGame\Scene</Filter>
    </ClInclude>
    <ClInclude Include="GameManager.h">
      <Filter>2D Framework\Manager</Filter>
    </ClInclude>
    <ClInclude Include="ChatInterface.h">
      <Filter>2D Framework\GameObejct\UI</Filter>
    </ClInclude>
    <ClInclude Include="UserInfoInterface.h">
      <Filter>2D Framework\GameObejct\UI</Filter>
    </ClInclude>
    <ClInclude Include="UIManager.h">
      <Filter>2D Framework\GameObejct\UI</Filter>
    </ClInclude>
    <ClInclude Include="InventoryInterface.h">
      <Filter>2D Framework\GameObejct\UI</Filter>
    </ClInclude>
    <ClInclude Include="SaveLoadInterface.h">
      <Filter>2D Framework\GameObejct\UI</Filter>
    </ClInclude>
    <ClInclude Include="Layer.h">
      <Filter>2D Framework\GameObejct\TileObj</Filter>
    </ClInclude>
    <ClInclude Include="ParallaxObj.h">
      <Filter>2D Framework\GameObejct\TileObj</Filter>
    </ClInclude>
    <ClInclude Include="PlayerObj.h">
      <Filter>2D Framework\GameObejct\TileObj</Filter>
    </ClInclude>
    <ClInclude Include="TileObj.h">
      <Filter>2D Framework\GameObejct\TileObj</Filter>
    </ClInclude>
    <ClInclude Include="TriggerObj.h">
      <Filter>2D Framework\GameObejct\TileObj</Filter>
    </ClInclude>
    <ClInclude Include="Input.h">
      <Filter>Main</Filter>
    </ClInclude>
    <ClInclude Include="AllTypeObj.h">
      <Filter>Main</Filter>
    </ClInclude>
    <ClInclude Include="Camera.h">
      <Filter>Main</Filter>
    </ClInclude>
    <ClInclude Include="CommonFunction.h">
      <Filter>Main</Filter>
    </ClInclude>
    <ClInclude Include="Config.h">
      <Filter>Main</Filter>
    </ClInclude>
    <ClInclude Include="ImageHelper.h">
      <Filter>Main</Filter>
    </ClInclude>
    <ClInclude Include="Managers.h">
      <Filter>Main</Filter>
    </ClInclude>
    <ClInclude Include="QuestData.h">
      <Filter>Main</Filter>
    </ClInclude>
    <ClInclude Include="ReferenceId.h">
      <Filter>Main</Filter>
    </ClInclude>
    <ClInclude Include="Tilemap.h">
      <Filter>Main</Filter>
    </ClInclude>
    <ClInclude Include="Component.h">
      <Filter>2D Framework\Component</Filter>
    </ClInclude>
    <ClInclude Include="TriggerComponent.h">
      <Filter>2D Framework\Component</Filter>
    </ClInclude>
    <ClInclude Include="PlayerMoveComponent.h">
      <Filter>2D Framework\Component\Player</Filter>
    </ClInclude>
  </ItemGroup>
</Project>